
Microsoft Visual Studio Solution File, Format Version 11.00
# Visual Studio 2010
Project("{FAE04EC0-301F-11D3-BF4B-00C04F79EFBC}") = "RfPipe_41", "RfPipe\RfPipe_41\RfPipe_41.csproj", "{26E1D2BD-6031-4254-AD1C-94DFAC772BD5}"
EndProject
Project("{FAE04EC0-301F-11D3-BF4B-00C04F79EFBC}") = "RfPipe_42", "RfPipe\RfPipe_42\RfPipe_42.csproj", "{48906B92-880B-4F85-9144-5FBEB9C7FE96}"
EndProject
Project("{FAE04EC0-301F-11D3-BF4B-00C04F79EFBC}") = "RfPipe", "RfPipe\RfPipe\RfPipe.csproj", "{5E82CBEC-1AE4-4811-A945-E70B3E3226EA}"
EndProject
Global
	GlobalSection(SolutionConfigurationPlatforms) = preSolution
		Debug|Any CPU = Debug|Any CPU
		Release|Any CPU = Release|Any CPU
	EndGlobalSection
	GlobalSection(ProjectConfigurationPlatforms) = postSolution
		{26E1D2BD-6031-4254-AD1C-94DFAC772BD5}.Debug|Any CPU.ActiveCfg = Debug|Any CPU
		{26E1D2BD-6031-4254-AD1C-94DFAC772BD5}.Debug|Any CPU.Build.0 = Debug|Any CPU
		{26E1D2BD-6031-4254-AD1C-94DFAC772BD5}.Release|Any CPU.ActiveCfg = Release|Any CPU
		{26E1D2BD-6031-4254-AD1C-94DFAC772BD5}.Release|Any CPU.Build.0 = Release|Any CPU
		{48906B92-880B-4F85-9144-5FBEB9C7FE96}.Debug|Any CPU.ActiveCfg = Debug|Any CPU
		{48906B92-880B-4F85-9144-5FBEB9C7FE96}.Debug|Any CPU.Build.0 = Debug|Any CPU
		{48906B92-880B-4F85-9144-5FBEB9C7FE96}.Release|Any CPU.ActiveCfg = Release|Any CPU
		{48906B92-880B-4F85-9144-5FBEB9C7FE96}.Release|Any CPU.Build.0 = Release|Any CPU
		{5E82CBEC-1AE4-4811-A945-E70B3E3226EA}.Debug|Any CPU.ActiveCfg = Debug|Any CPU
		{5E82CBEC-1AE4-4811-A945-E70B3E3226EA}.Debug|Any CPU.Build.0 = Debug|Any CPU
		{5E82CBEC-1AE4-4811-A945-E70B3E3226EA}.Release|Any CPU.ActiveCfg = Release|Any CPU
		{5E82CBEC-1AE4-4811-A945-E70B3E3226EA}.Release|Any CPU.Build.0 = Release|Any CPU
	EndGlobalSection
	GlobalSection(SolutionProperties) = preSolution
		HideSolutionNode = FALSE
	EndGlobalSection
EndGlobal
